
Microsoft Visual Studio Solution File, Format Version 12.00
# Blend for Visual Studio Version 16
VisualStudioVersion = 16.0.30804.86
MinimumVisualStudioVersion = 10.0.40219.1
Project("{FAE04EC0-301F-11D3-BF4B-00C04F79EFBC}") = "Blend_LoginDesign", "Blend_LoginDesign\Blend_LoginDesign.csproj", "{578729D5-86A1-4FA3-BDEC-E116B9658D6B}"
EndProject
Global
	GlobalSection(SolutionConfigurationPlatforms) = preSolution
		Debug|Any CPU = Debug|Any CPU
		Release|Any CPU = Release|Any CPU
	EndGlobalSection
	GlobalSection(ProjectConfigurationPlatforms) = postSolution
		{578729D5-86A1-4FA3-BDEC-E116B9658D6B}.Debug|Any CPU.ActiveCfg = Debug|Any CPU
		{578729D5-86A1-4FA3-BDEC-E116B9658D6B}.Debug|Any CPU.Build.0 = Debug|Any CPU
		{578729D5-86A1-4FA3-BDEC-E116B9658D6B}.Release|Any CPU.ActiveCfg = Release|Any CPU
		{578729D5-86A1-4FA3-BDEC-E116B9658D6B}.Release|Any CPU.Build.0 = Release|Any CPU
	EndGlobalSection
	GlobalSection(SolutionProperties) = preSolution
		HideSolutionNode = FALSE
	EndGlobalSection
	GlobalSection(ExtensibilityGlobals) = postSolution
		SolutionGuid = {05E488C0-B2C7-48D8-A092-2BCBCB5E9AF7}
	EndGlobalSection
EndGlobal
